
Microsoft Visual Studio Solution File, Format Version 12.00
# Visual Studio Version 16
VisualStudioVersion = 25.0.1705.3
MinimumVisualStudioVersion = 10.0.40219.1
Project("{FAE04EC0-301F-11D3-BF4B-00C04F79EFBC}") = "PracticaMvc", "PracticaMvc\PracticaMvc.csproj", "{838D2F36-B819-4B1F-AABA-3A40D2EF5E1A}"
EndProject
Global
	GlobalSection(SolutionConfigurationPlatforms) = preSolution
		Debug|Any CPU = Debug|Any CPU
		Release|Any CPU = Release|Any CPU
	EndGlobalSection
	GlobalSection(ProjectConfigurationPlatforms) = postSolution
		{838D2F36-B819-4B1F-AABA-3A40D2EF5E1A}.Debug|Any CPU.ActiveCfg = Debug|Any CPU
		{838D2F36-B819-4B1F-AABA-3A40D2EF5E1A}.Debug|Any CPU.Build.0 = Debug|Any CPU
		{838D2F36-B819-4B1F-AABA-3A40D2EF5E1A}.Release|Any CPU.ActiveCfg = Release|Any CPU
		{838D2F36-B819-4B1F-AABA-3A40D2EF5E1A}.Release|Any CPU.Build.0 = Release|Any CPU
	EndGlobalSection
	GlobalSection(SolutionProperties) = preSolution
		HideSolutionNode = FALSE
	EndGlobalSection
	GlobalSection(ExtensibilityGlobals) = postSolution
		SolutionGuid = {2A637DCF-5250-407C-80E9-FB72D136C4AA}
	EndGlobalSection
EndGlobal
